
Microsoft Visual Studio Solution File, Format Version 12.00
# Visual Studio 15
VisualStudioVersion = 15.0.28307.168
MinimumVisualStudioVersion = 10.0.40219.1
Project("{FAE04EC0-301F-11D3-BF4B-00C04F79EFBC}") = "TitleBlocks", "TitleBlocks\TitleBlocks.csproj", "{F872FEF1-2945-48B6-B733-636AC91CA51D}"
EndProject
Global
	GlobalSection(SolutionConfigurationPlatforms) = preSolution
		Debug|Any CPU = Debug|Any CPU
		Release|Any CPU = Release|Any CPU
	EndGlobalSection
	GlobalSection(ProjectConfigurationPlatforms) = postSolution
		{F872FEF1-2945-48B6-B733-636AC91CA51D}.Debug|Any CPU.ActiveCfg = Debug|Any CPU
		{F872FEF1-2945-48B6-B733-636AC91CA51D}.Debug|Any CPU.Build.0 = Debug|Any CPU
		{F872FEF1-2945-48B6-B733-636AC91CA51D}.Release|Any CPU.ActiveCfg = Release|Any CPU
		{F872FEF1-2945-48B6-B733-636AC91CA51D}.Release|Any CPU.Build.0 = Release|Any CPU
	EndGlobalSection
	GlobalSection(SolutionProperties) = preSolution
		HideSolutionNode = FALSE
	EndGlobalSection
	GlobalSection(ExtensibilityGlobals) = postSolution
		SolutionGuid = {7F5C34AE-C97A-47AC-8EEF-1DC7FF261BD0}
	EndGlobalSection
EndGlobal
